// !$*UTF8*$!
{
	archiveVersion = 1;
	classes = {
	};
	objectVersion = 46;
	objects = {

/* Begin PBXBuildFile section */
		D03E424C1DD1C9C800677715 /* Demo1ViewController.swift in Sources */ = {isa = PBXBuildFile; fileRef = D03E424B1DD1C9C800677715 /* Demo1ViewController.swift */; };
		D03E424F1DD2CE7200677715 /* Demo2ViewController.swift in Sources */ = {isa = PBXBuildFile; fileRef = D03E424E1DD2CE7200677715 /* Demo2ViewController.swift */; };
		D09725A61D6E00800000204F /* AppDelegate.swift in Sources */ = {isa = PBXBuildFile; fileRef = D09725A51D6E00800000204F /* AppDelegate.swift */; };
		D09725A81D6E00800000204F /* ViewController.swift in Sources */ = {isa = PBXBuildFile; fileRef = D09725A71D6E00800000204F /* ViewController.swift */; };
		D09725AD1D6E00800000204F /* Assets.xcassets in Resources */ = {isa = PBXBuildFile; fileRef = D09725AC1D6E00800000204F /* Assets.xcassets */; };
		D09725B01D6E00800000204F /* LaunchScreen.storyboard in Resources */ = {isa = PBXBuildFile; fileRef = D09725AE1D6E00800000204F /* LaunchScreen.storyboard */; };
		D09725B81D6EACD20000204F /* CircleLayer.swift in Sources */ = {isa = PBXBuildFile; fileRef = D09725B71D6EACD20000204F /* CircleLayer.swift */; };
		D0B1CCDC1DDBF7350031BBAA /* Demo4ViewController.swift in Sources */ = {isa = PBXBuildFile; fileRef = D0B1CCDB1DDBF7350031BBAA /* Demo4ViewController.swift */; };
		D0FC6C9F1DD31C6900DB2E6F /* Demo3ViewController.swift in Sources */ = {isa = PBXBuildFile; fileRef = D0FC6C9E1DD31C6900DB2E6F /* Demo3ViewController.swift */; };
/* End PBXBuildFile section */

/* Begin PBXFileReference section */
		D03E424B1DD1C9C800677715 /* Demo1ViewController.swift */ = {isa = PBXFileReference; fileEncoding = 4; lastKnownFileType = sourcecode.swift; path = Demo1ViewController.swift; sourceTree = "<group>"; };
		D03E424E1DD2CE7200677715 /* Demo2ViewController.swift */ = {isa = PBXFileReference; fileEncoding = 4; lastKnownFileType = sourcecode.swift; path = Demo2ViewController.swift; sourceTree = "<group>"; };
		D09725A21D6E00800000204F /* SwiftDemo.app */ = {isa = PBXFileReference; explicitFileType = wrapper.application; includeInIndex = 0; path = SwiftDemo.app; sourceTree = BUILT_PRODUCTS_DIR; };
		D09725A51D6E00800000204F /* AppDelegate.swift */ = {isa = PBXFileReference; lastKnownFileType = sourcecode.swift; path = AppDelegate.swift; sourceTree = "<group>"; };
		D09725A71D6E00800000204F /* ViewController.swift */ = {isa = PBXFileReference; lastKnownFileType = sourcecode.swift; path = ViewController.swift; sourceTree = "<group>"; };
		D09725AC1D6E00800000204F /* Assets.xcassets */ = {isa = PBXFileReference; lastKnownFileType = folder.assetcatalog; path = Assets.xcassets; sourceTree = "<group>"; };
		D09725AF1D6E00800000204F /* Base */ = {isa = PBXFileReference; lastKnownFileType = file.storyboard; name = Base; path = Base.lproj/LaunchScreen.storyboard; sourceTree = "<group>"; };
		D09725B11D6E00800000204F /* Info.plist */ = {isa = PBXFileReference; lastKnownFileType = text.plist.xml; path = Info.plist; sourceTree = "<group>"; };
		D09725B71D6EACD20000204F /* CircleLayer.swift */ = {isa = PBXFileReference; fileEncoding = 4; lastKnownFileType = sourcecode.swift; path = CircleLayer.swift; sourceTree = "<group>"; };
		D0B1CCDB1DDBF7350031BBAA /* Demo4ViewController.swift */ = {isa = PBXFileReference; fileEncoding = 4; lastKnownFileType = sourcecode.swift; path = Demo4ViewController.swift; sourceTree = "<group>"; };
		D0FC6C9E1DD31C6900DB2E6F /* Demo3ViewController.swift */ = {isa = PBXFileReference; fileEncoding = 4; lastKnownFileType = sourcecode.swift; path = Demo3ViewController.swift; sourceTree = "<group>"; };
/* End PBXFileReference section */

/* Begin PBXFrameworksBuildPhase section */
		D097259F1D6E00800000204F /* Frameworks */ = {
			isa = PBXFrameworksBuildPhase;
			buildActionMask = 2147483647;
			files = (
			);
			runOnlyForDeploymentPostprocessing = 0;
		};
/* End PBXFrameworksBuildPhase section */

/* Begin PBXGroup section */
		D03E424D1DD1C9CD00677715 /* Error */ = {
			isa = PBXGroup;
			children = (
				D03E424B1DD1C9C800677715 /* Demo1ViewController.swift */,
			);
			name = Error;
			sourceTree = "<group>";
		};
		D03E42501DD2CE7700677715 /* Struct */ = {
			isa = PBXGroup;
			children = (
				D03E424E1DD2CE7200677715 /* Demo2ViewController.swift */,
			);
			name = Struct;
			sourceTree = "<group>";
		};
		D09725991D6E00800000204F = {
			isa = PBXGroup;
			children = (
				D09725A41D6E00800000204F /* SwiftDemo */,
				D09725A31D6E00800000204F /* Products */,
			);
			sourceTree = "<group>";
		};
		D09725A31D6E00800000204F /* Products */ = {
			isa = PBXGroup;
			children = (
				D09725A21D6E00800000204F /* SwiftDemo.app */,
			);
			name = Products;
			sourceTree = "<group>";
		};
		D09725A41D6E00800000204F /* SwiftDemo */ = {
			isa = PBXGroup;
			children = (
				D09725A51D6E00800000204F /* AppDelegate.swift */,
				D09725A71D6E00800000204F /* ViewController.swift */,
				D0FC6C9D1DD31C5700DB2E6F /* Enum */,
				D03E42501DD2CE7700677715 /* Struct */,
				D03E424D1DD1C9CD00677715 /* Error */,
				D0B1CCDA1DDBF6FC0031BBAA /* map */,
				D09725B71D6EACD20000204F /* CircleLayer.swift */,
				D09725AC1D6E00800000204F /* Assets.xcassets */,
				D09725AE1D6E00800000204F /* LaunchScreen.storyboard */,
				D09725B11D6E00800000204F /* Info.plist */,
			);
			path = SwiftDemo;
			sourceTree = "<group>";
		};
		D0B1CCDA1DDBF6FC0031BBAA /* map */ = {
			isa = PBXGroup;
			children = (
				D0B1CCDB1DDBF7350031BBAA /* Demo4ViewController.swift */,
			);
			name = map;
			sourceTree = "<group>";
		};
		D0FC6C9D1DD31C5700DB2E6F /* Enum */ = {
			isa = PBXGroup;
			children = (
				D0FC6C9E1DD31C6900DB2E6F /* Demo3ViewController.swift */,
			);
			name = Enum;
			sourceTree = "<group>";
		};
/* End PBXGroup section */

/* Begin PBXNativeTarget section */
		D09725A11D6E00800000204F /* SwiftDemo */ = {
			isa = PBXNativeTarget;
			buildConfigurationList = D09725B41D6E00800000204F /* Build configuration list for PBXNativeTarget "SwiftDemo" */;
			buildPhases = (
				D097259E1D6E00800000204F /* Sources */,
				D097259F1D6E00800000204F /* Frameworks */,
				D09725A01D6E00800000204F /* Resources */,
			);
			buildRules = (
			);
			dependencies = (
			);
			name = SwiftDemo;
			productName = SwiftDemo;
			productReference = D09725A21D6E00800000204F /* SwiftDemo.app */;
			productType = "com.apple.product-type.application";
		};
/* End PBXNativeTarget section */

/* Begin PBXProject section */
		D097259A1D6E00800000204F /* Project object */ = {
			isa = PBXProject;
			attributes = {
				LastSwiftUpdateCheck = 0730;
				LastUpgradeCheck = 0730;
				ORGANIZATIONNAME = h.yamaguchi;
				TargetAttributes = {
					D09725A11D6E00800000204F = {
						CreatedOnToolsVersion = 7.3.1;
						LastSwiftMigration = 0800;
					};
				};
			};
			buildConfigurationList = D097259D1D6E00800000204F /* Build configuration list for PBXProject "SwiftDemo" */;
			compatibilityVersion = "Xcode 3.2";
			developmentRegion = English;
			hasScannedForEncodings = 0;
			knownRegions = (
				en,
				Base,
			);
			mainGroup = D09725991D6E00800000204F;
			productRefGroup = D09725A31D6E00800000204F /* Products */;
			projectDirPath = "";
			projectRoot = "";
			targets = (
				D09725A11D6E00800000204F /* SwiftDemo */,
			);
		};
/* End PBXProject section */

/* Begin PBXResourcesBuildPhase section */
		D09725A01D6E00800000204F /* Resources */ = {
			isa = PBXResourcesBuildPhase;
			buildActionMask = 2147483647;
			files = (
				D09725B01D6E00800000204F /* LaunchScreen.storyboard in Resources */,
				D09725AD1D6E00800000204F /* Assets.xcassets in Resources */,
			);
			runOnlyForDeploymentPostprocessing = 0;
		};
/* End PBXResourcesBuildPhase section */

/* Begin PBXSourcesBuildPhase section */
		D097259E1D6E00800000204F /* Sources */ = {
			isa = PBXSourcesBuildPhase;
			buildActionMask = 2147483647;
			files = (
				D03E424F1DD2CE7200677715 /* Demo2ViewController.swift in Sources */,
				D0FC6C9F1DD31C6900DB2E6F /* Demo3ViewController.swift in Sources */,
				D0B1CCDC1DDBF7350031BBAA /* Demo4ViewController.swift in Sources */,
				D09725A81D6E00800000204F /* ViewController.swift in Sources */,
				D03E424C1DD1C9C800677715 /* Demo1ViewController.swift in Sources */,
				D09725B81D6EACD20000204F /* CircleLayer.swift in Sources */,
				D09725A61D6E00800000204F /* AppDelegate.swift in Sources */,
			);
			runOnlyForDeploymentPostprocessing = 0;
		};
/* End PBXSourcesBuildPhase section */

/* Begin PBXVariantGroup section */
		D09725AE1D6E00800000204F /* LaunchScreen.storyboard */ = {
			isa = PBXVariantGroup;
			children = (
				D09725AF1D6E00800000204F /* Base */,
			);
			name = LaunchScreen.storyboard;
			sourceTree = "<group>";
		};
/* End PBXVariantGroup section */

/* Begin XCBuildConfiguration section */
		D09725B21D6E00800000204F /* Debug */ = {
			isa = XCBuildConfiguration;
			buildSettings = {
				ALWAYS_SEARCH_USER_PATHS = NO;
				CLANG_ANALYZER_NONNULL = YES;
				CLANG_CXX_LANGUAGE_STANDARD = "gnu++0x";
				CLANG_CXX_LIBRARY = "libc++";
				CLANG_ENABLE_MODULES = YES;
				CLANG_ENABLE_OBJC_ARC = YES;
				CLANG_WARN_BOOL_CONVERSION = YES;
				CLANG_WARN_CONSTANT_CONVERSION = YES;
				CLANG_WARN_DIRECT_OBJC_ISA_USAGE = YES_ERROR;
				CLANG_WARN_EMPTY_BODY = YES;
				CLANG_WARN_ENUM_CONVERSION = YES;
				CLANG_WARN_INT_CONVERSION = YES;
				CLANG_WARN_OBJC_ROOT_CLASS = YES_ERROR;
				CLANG_WARN_UNREACHABLE_CODE = YES;
				CLANG_WARN__DUPLICATE_METHOD_MATCH = YES;
				"CODE_SIGN_IDENTITY[sdk=iphoneos*]" = "iPhone Developer";
				COPY_PHASE_STRIP = NO;
				DEBUG_INFORMATION_FORMAT = dwarf;
				ENABLE_STRICT_OBJC_MSGSEND = YES;
				ENABLE_TESTABILITY = YES;
				GCC_C_LANGUAGE_STANDARD = gnu99;
				GCC_DYNAMIC_NO_PIC = NO;
				GCC_NO_COMMON_BLOCKS = YES;
				GCC_OPTIMIZATION_LEVEL = 0;
				GCC_PREPROCESSOR_DEFINITIONS = (
					"DEBUG=1",
					"$(inherited)",
				);
				GCC_WARN_64_TO_32_BIT_CONVERSION = YES;
				GCC_WARN_ABOUT_RETURN_TYPE = YES_ERROR;
				GCC_WARN_UNDECLARED_SELECTOR = YES;
				GCC_WARN_UNINITIALIZED_AUTOS = YES_AGGRESSIVE;
				GCC_WARN_UNUSED_FUNCTION = YES;
				GCC_WARN_UNUSED_VARIABLE = YES;
				IPHONEOS_DEPLOYMENT_TARGET = 9.3;
				MTL_ENABLE_DEBUG_INFO = YES;
				ONLY_ACTIVE_ARCH = YES;
				SDKROOT = iphoneos;
				SWIFT_OPTIMIZATION_LEVEL = "-Onone";
			};
			name = Debug;
		};
		D09725B31D6E00800000204F /* Release */ = {
			isa = XCBuildConfiguration;
			buildSettings = {
				ALWAYS_SEARCH_USER_PATHS = NO;
				CLANG_ANALYZER_NONNULL = YES;
				CLANG_CXX_LANGUAGE_STANDARD = "gnu++0x";
				CLANG_CXX_LIBRARY = "libc++";
				CLANG_ENABLE_MODULES = YES;
				CLANG_ENABLE_OBJC_ARC = YES;
				CLANG_WARN_BOOL_CONVERSION = YES;
				CLANG_WARN_CONSTANT_CONVERSION = YES;
				CLANG_WARN_DIRECT_OBJC_ISA_USAGE = YES_ERROR;
				CLANG_WARN_EMPTY_BODY = YES;
				CLANG_WARN_ENUM_CONVERSION = YES;
				CLANG_WARN_INT_CONVERSION = YES;
				CLANG_WARN_OBJC_ROOT_CLASS = YES_ERROR;
				CLANG_WARN_UNREACHABLE_CODE = YES;
				CLANG_WARN__DUPLICATE_METHOD_MATCH = YES;
				"CODE_SIGN_IDENTITY[sdk=iphoneos*]" = "iPhone Developer";
				COPY_PHASE_STRIP = NO;
				DEBUG_INFORMATION_FORMAT = "dwarf-with-dsym";
				ENABLE_NS_ASSERTIONS = NO;
				ENABLE_STRICT_OBJC_MSGSEND = YES;
				GCC_C_LANGUAGE_STANDARD = gnu99;
				GCC_NO_COMMON_BLOCKS = YES;
				GCC_WARN_64_TO_32_BIT_CONVERSION = YES;
				GCC_WARN_ABOUT_RETURN_TYPE = YES_ERROR;
				GCC_WARN_UNDECLARED_SELECTOR = YES;
				GCC_WARN_UNINITIALIZED_AUTOS = YES_AGGRESSIVE;
				GCC_WARN_UNUSED_FUNCTION = YES;
				GCC_WARN_UNUSED_VARIABLE = YES;
				IPHONEOS_DEPLOYMENT_TARGET = 9.3;
				MTL_ENABLE_DEBUG_INFO = NO;
				SDKROOT = iphoneos;
				VALIDATE_PRODUCT = YES;
			};
			name = Release;
		};
		D09725B51D6E00800000204F /* Debug */ = {
			isa = XCBuildConfiguration;
			buildSettings = {
				ASSETCATALOG_COMPILER_APPICON_NAME = AppIcon;
				INFOPLIST_FILE = SwiftDemo/Info.plist;
				LD_RUNPATH_SEARCH_PATHS = "$(inherited) @executable_path/Frameworks";
				PRODUCT_BUNDLE_IDENTIFIER = "jp.-.SwiftDemo";
				PRODUCT_NAME = "$(TARGET_NAME)";
				SWIFT_VERSION = 3.0;
			};
			name = Debug;
		};
		D09725B61D6E00800000204F /* Release */ = {
			isa = XCBuildConfiguration;
			buildSettings = {
				ASSETCATALOG_COMPILER_APPICON_NAME = AppIcon;
				INFOPLIST_FILE = SwiftDemo/Info.plist;
				LD_RUNPATH_SEARCH_PATHS = "$(inherited) @executable_path/Frameworks";
				PRODUCT_BUNDLE_IDENTIFIER = "jp.-.SwiftDemo";
				PRODUCT_NAME = "$(TARGET_NAME)";
				SWIFT_VERSION = 3.0;
			};
			name = Release;
		};
/* End XCBuildConfiguration section */

/* Begin XCConfigurationList section */
		D097259D1D6E00800000204F /* Build configuration list for PBXProject "SwiftDemo" */ = {
			isa = XCConfigurationList;
			buildConfigurations = (
				D09725B21D6E00800000204F /* Debug */,
				D09725B31D6E00800000204F /* Release */,
			);
			defaultConfigurationIsVisible = 0;
			defaultConfigurationName = Release;
		};
		D09725B41D6E00800000204F /* Build configuration list for PBXNativeTarget "SwiftDemo" */ = {
			isa = XCConfigurationList;
			buildConfigurations = (
				D09725B51D6E00800000204F /* Debug */,
				D09725B61D6E00800000204F /* Release */,
			);
			defaultConfigurationIsVisible = 0;
			defaultConfigurationName = Release;
		};
/* End XCConfigurationList section */
	};
	rootObject = D097259A1D6E00800000204F /* Project object */;
}
